{
  "lockfileVersion": 1,
  "workspaces": {
    "": {
      "name": "email-status",
      "dependencies": {
        "@vercel/functions": "^2.0.0",
      },
      "devDependencies": {
        "@vercel/edge": "^1.2.1",
      },
    },
  },
  "packages": {
    "@vercel/edge": ["@vercel/edge@1.2.1", "", {}, "sha512-1++yncEyIAi68D3UEOlytYb1IUcIulMWdoSzX2h9LuSeeyR7JtaIgR8DcTQ6+DmYOQn+5MCh6LY+UmK6QBByNA=="],

    "@vercel/functions": ["@vercel/functions@2.0.0", "", { "peerDependencies": { "@aws-sdk/credential-provider-web-identity": "*" }, "optionalPeers": ["@aws-sdk/credential-provider-web-identity"] }, "sha512-BSwIihLHoV18gerKZJyGuqd3rtaYM6rJvET1kOwKktshucyaHXTJel7Cxegs+sdX0NZqsX4LO2MFnMU2jG01Cw=="],
  }
}
